
Microsoft Visual Studio Solution File, Format Version 12.00
# Visual Studio Express 14 for Windows Desktop
VisualStudioVersion = 14.0.25420.1
MinimumVisualStudioVersion = 10.0.40219.1
Project("{FAE04EC0-301F-11D3-BF4B-00C04F79EFBC}") = "INILib", "INILib\INILib.csproj", "{09457FC2-FED2-4182-AD11-67C8A495FED3}"
EndProject
Project("{FAE04EC0-301F-11D3-BF4B-00C04F79EFBC}") = "Test", "Test\Test.csproj", "{80F7DA77-23BE-4667-8417-61771CF449D1}"
EndProject
Global
	GlobalSection(SolutionConfigurationPlatforms) = preSolution
		Debug|Any CPU = Debug|Any CPU
		Release|Any CPU = Release|Any CPU
	EndGlobalSection
	GlobalSection(ProjectConfigurationPlatforms) = postSolution
		{09457FC2-FED2-4182-AD11-67C8A495FED3}.Debug|Any CPU.ActiveCfg = Debug|Any CPU
		{09457FC2-FED2-4182-AD11-67C8A495FED3}.Debug|Any CPU.Build.0 = Debug|Any CPU
		{09457FC2-FED2-4182-AD11-67C8A495FED3}.Release|Any CPU.ActiveCfg = Release|Any CPU
		{09457FC2-FED2-4182-AD11-67C8A495FED3}.Release|Any CPU.Build.0 = Release|Any CPU
		{80F7DA77-23BE-4667-8417-61771CF449D1}.Debug|Any CPU.ActiveCfg = Debug|Any CPU
		{80F7DA77-23BE-4667-8417-61771CF449D1}.Debug|Any CPU.Build.0 = Debug|Any CPU
		{80F7DA77-23BE-4667-8417-61771CF449D1}.Release|Any CPU.ActiveCfg = Release|Any CPU
		{80F7DA77-23BE-4667-8417-61771CF449D1}.Release|Any CPU.Build.0 = Release|Any CPU
	EndGlobalSection
	GlobalSection(SolutionProperties) = preSolution
		HideSolutionNode = FALSE
	EndGlobalSection
EndGlobal
